
Microsoft Visual Studio Solution File, Format Version 12.00
# Visual Studio Version 17
VisualStudioVersion = 17.11.35219.272
MinimumVisualStudioVersion = 10.0.40219.1
Project("{9A19103F-16F7-4668-BE54-9A1E7A4F7556}") = "LogicalServerUdp", "LogicalServerUdp.csproj", "{AC292F2F-8854-48DB-9297-A1B40690A141}"
EndProject
Global
	GlobalSection(SolutionConfigurationPlatforms) = preSolution
		Debug|Any CPU = Debug|Any CPU
		Release|Any CPU = Release|Any CPU
	EndGlobalSection
	GlobalSection(ProjectConfigurationPlatforms) = postSolution
		{AC292F2F-8854-48DB-9297-A1B40690A141}.Debug|Any CPU.ActiveCfg = Debug|Any CPU
		{AC292F2F-8854-48DB-9297-A1B40690A141}.Debug|Any CPU.Build.0 = Debug|Any CPU
		{AC292F2F-8854-48DB-9297-A1B40690A141}.Release|Any CPU.ActiveCfg = Release|Any CPU
		{AC292F2F-8854-48DB-9297-A1B40690A141}.Release|Any CPU.Build.0 = Release|Any CPU
	EndGlobalSection
	GlobalSection(SolutionProperties) = preSolution
		HideSolutionNode = FALSE
	EndGlobalSection
	GlobalSection(ExtensibilityGlobals) = postSolution
		SolutionGuid = {38BE0CAF-0AC5-413D-8874-36B6E26E33F3}
	EndGlobalSection
EndGlobal
